
Microsoft Visual Studio Solution File, Format Version 12.00
# Visual Studio Version 17
VisualStudioVersion = 17.8.34408.163
MinimumVisualStudioVersion = 10.0.40219.1
Project("{9A19103F-16F7-4668-BE54-9A1E7A4F7556}") = "CoPilodMD.Core", "CoPilodMD.Core\CoPilodMD.Core.csproj", "{8ED58A2B-9EA1-4785-90EE-455E67107AC7}"
EndProject
Project("{2150E333-8FDC-42A3-9474-1A3956D46DE8}") = "Common", "Common", "{413345B5-3815-4790-9DED-8FDE8926A105}"
EndProject
Project("{FAE04EC0-301F-11D3-BF4B-00C04F79EFBC}") = "network", "network\network.csproj", "{D250F3DA-7FDC-425A-A73A-5A7843F1A97E}"
EndProject
Project("{FAE04EC0-301F-11D3-BF4B-00C04F79EFBC}") = "gui", "gui\gui.csproj", "{EFBA6EA5-7545-422A-A4AA-3C7E97D9AA85}"
EndProject
Project("{FAE04EC0-301F-11D3-BF4B-00C04F79EFBC}") = "extractor", "extractor\extractor.csproj", "{0DF9A30A-1CAF-472B-B8CC-5EF69E9CD810}"
EndProject
Project("{FAE04EC0-301F-11D3-BF4B-00C04F79EFBC}") = "deidentifier", "deidentifier\deidentifier.csproj", "{4B50039F-2F81-4E8E-BA89-6DFC15526E56}"
EndProject
Project("{FAE04EC0-301F-11D3-BF4B-00C04F79EFBC}") = "monitor", "monitor\monitor.csproj", "{B9F0E344-BBBB-4F0F-A603-D1E1FBEB60D8}"
EndProject
Global
	GlobalSection(SolutionConfigurationPlatforms) = preSolution
		Debug|Any CPU = Debug|Any CPU
		Release|Any CPU = Release|Any CPU
	EndGlobalSection
	GlobalSection(ProjectConfigurationPlatforms) = postSolution
		{8ED58A2B-9EA1-4785-90EE-455E67107AC7}.Debug|Any CPU.ActiveCfg = Debug|Any CPU
		{8ED58A2B-9EA1-4785-90EE-455E67107AC7}.Debug|Any CPU.Build.0 = Debug|Any CPU
		{8ED58A2B-9EA1-4785-90EE-455E67107AC7}.Release|Any CPU.ActiveCfg = Release|Any CPU
		{8ED58A2B-9EA1-4785-90EE-455E67107AC7}.Release|Any CPU.Build.0 = Release|Any CPU
		{D250F3DA-7FDC-425A-A73A-5A7843F1A97E}.Debug|Any CPU.ActiveCfg = Debug|Any CPU
		{D250F3DA-7FDC-425A-A73A-5A7843F1A97E}.Debug|Any CPU.Build.0 = Debug|Any CPU
		{D250F3DA-7FDC-425A-A73A-5A7843F1A97E}.Release|Any CPU.ActiveCfg = Release|Any CPU
		{D250F3DA-7FDC-425A-A73A-5A7843F1A97E}.Release|Any CPU.Build.0 = Release|Any CPU
		{EFBA6EA5-7545-422A-A4AA-3C7E97D9AA85}.Debug|Any CPU.ActiveCfg = Debug|Any CPU
		{EFBA6EA5-7545-422A-A4AA-3C7E97D9AA85}.Debug|Any CPU.Build.0 = Debug|Any CPU
		{EFBA6EA5-7545-422A-A4AA-3C7E97D9AA85}.Release|Any CPU.ActiveCfg = Release|Any CPU
		{EFBA6EA5-7545-422A-A4AA-3C7E97D9AA85}.Release|Any CPU.Build.0 = Release|Any CPU
		{0DF9A30A-1CAF-472B-B8CC-5EF69E9CD810}.Debug|Any CPU.ActiveCfg = Debug|Any CPU
		{0DF9A30A-1CAF-472B-B8CC-5EF69E9CD810}.Debug|Any CPU.Build.0 = Debug|Any CPU
		{0DF9A30A-1CAF-472B-B8CC-5EF69E9CD810}.Release|Any CPU.ActiveCfg = Release|Any CPU
		{0DF9A30A-1CAF-472B-B8CC-5EF69E9CD810}.Release|Any CPU.Build.0 = Release|Any CPU
		{4B50039F-2F81-4E8E-BA89-6DFC15526E56}.Debug|Any CPU.ActiveCfg = Debug|Any CPU
		{4B50039F-2F81-4E8E-BA89-6DFC15526E56}.Debug|Any CPU.Build.0 = Debug|Any CPU
		{4B50039F-2F81-4E8E-BA89-6DFC15526E56}.Release|Any CPU.ActiveCfg = Release|Any CPU
		{4B50039F-2F81-4E8E-BA89-6DFC15526E56}.Release|Any CPU.Build.0 = Release|Any CPU
		{B9F0E344-BBBB-4F0F-A603-D1E1FBEB60D8}.Debug|Any CPU.ActiveCfg = Debug|Any CPU
		{B9F0E344-BBBB-4F0F-A603-D1E1FBEB60D8}.Debug|Any CPU.Build.0 = Debug|Any CPU
		{B9F0E344-BBBB-4F0F-A603-D1E1FBEB60D8}.Release|Any CPU.ActiveCfg = Release|Any CPU
		{B9F0E344-BBBB-4F0F-A603-D1E1FBEB60D8}.Release|Any CPU.Build.0 = Release|Any CPU
	EndGlobalSection
	GlobalSection(SolutionProperties) = preSolution
		HideSolutionNode = FALSE
	EndGlobalSection
	GlobalSection(NestedProjects) = preSolution
		{8ED58A2B-9EA1-4785-90EE-455E67107AC7} = {413345B5-3815-4790-9DED-8FDE8926A105}
	EndGlobalSection
	GlobalSection(ExtensibilityGlobals) = postSolution
		SolutionGuid = {910151D4-EE7A-4EA5-9949-2DF29E264D8C}
	EndGlobalSection
EndGlobal
